
Microsoft Visual Studio Solution File, Format Version 12.00
# Visual Studio Version 16
VisualStudioVersion = 16.0.29613.14
MinimumVisualStudioVersion = 10.0.40219.1
Project("{FAE04EC0-301F-11D3-BF4B-00C04F79EFBC}") = "WFATests", "WFATests\WFATests.csproj", "{C741F715-7299-41C6-A35B-307FD5C1A909}"
EndProject
Global
	GlobalSection(SolutionConfigurationPlatforms) = preSolution
		Debug|Any CPU = Debug|Any CPU
		Release|Any CPU = Release|Any CPU
	EndGlobalSection
	GlobalSection(ProjectConfigurationPlatforms) = postSolution
		{C741F715-7299-41C6-A35B-307FD5C1A909}.Debug|Any CPU.ActiveCfg = Debug|Any CPU
		{C741F715-7299-41C6-A35B-307FD5C1A909}.Debug|Any CPU.Build.0 = Debug|Any CPU
		{C741F715-7299-41C6-A35B-307FD5C1A909}.Release|Any CPU.ActiveCfg = Release|Any CPU
		{C741F715-7299-41C6-A35B-307FD5C1A909}.Release|Any CPU.Build.0 = Release|Any CPU
	EndGlobalSection
	GlobalSection(SolutionProperties) = preSolution
		HideSolutionNode = FALSE
	EndGlobalSection
	GlobalSection(ExtensibilityGlobals) = postSolution
		SolutionGuid = {EF7E853A-92F6-4010-8F2B-457D5B919AF1}
	EndGlobalSection
EndGlobal
